
Microsoft Visual Studio Solution File, Format Version 12.00
# Visual Studio 15
VisualStudioVersion = 15.0.26403.0
MinimumVisualStudioVersion = 10.0.40219.1
Project("{8BC9CEB8-8B4A-11D0-8D11-00A0C91BC942}") = "FSMFramework", "FSMFramework\FSMFramework.vcxproj", "{5572590A-3888-4FCB-BBE9-6C2B54FFBACB}"
EndProject
Global
	GlobalSection(SolutionConfigurationPlatforms) = preSolution
		Debug|x64 = Debug|x64
		Debug|x86 = Debug|x86
		Release|x64 = Release|x64
		Release|x86 = Release|x86
	EndGlobalSection
	GlobalSection(ProjectConfigurationPlatforms) = postSolution
		{5572590A-3888-4FCB-BBE9-6C2B54FFBACB}.Debug|x64.ActiveCfg = Debug|x64
		{5572590A-3888-4FCB-BBE9-6C2B54FFBACB}.Debug|x64.Build.0 = Debug|x64
		{5572590A-3888-4FCB-BBE9-6C2B54FFBACB}.Debug|x86.ActiveCfg = Debug|Win32
		{5572590A-3888-4FCB-BBE9-6C2B54FFBACB}.Debug|x86.Build.0 = Debug|Win32
		{5572590A-3888-4FCB-BBE9-6C2B54FFBACB}.Release|x64.ActiveCfg = Release|x64
		{5572590A-3888-4FCB-BBE9-6C2B54FFBACB}.Release|x64.Build.0 = Release|x64
		{5572590A-3888-4FCB-BBE9-6C2B54FFBACB}.Release|x86.ActiveCfg = Release|Win32
		{5572590A-3888-4FCB-BBE9-6C2B54FFBACB}.Release|x86.Build.0 = Release|Win32
	EndGlobalSection
	GlobalSection(SolutionProperties) = preSolution
		HideSolutionNode = FALSE
	EndGlobalSection
EndGlobal
