<?xml version="1.0" encoding="utf-8"?>
<Project ToolsVersion="4.0" xmlns="http://schemas.microsoft.com/developer/msbuild/2003">
  <ItemGroup>
    <Filter Include="Header Files">
      <UniqueIdentifier>{93995380-89BD-4b04-88EB-625FBE52EBFB}</UniqueIdentifier>
      <Extensions>h;hh;hpp;hxx;h++;hm;inl;inc;ipp;xsd</Extensions>
    </Filter>
    <Filter Include="Source Files">
      <UniqueIdentifier>{4db0437d-f97c-410b-9ca3-4d87ebe9ebfd}</UniqueIdentifier>
    </Filter>
    <Filter Include="Header Files\Node Headers">
      <UniqueIdentifier>{4f92aa4b-52b8-4fd1-ad5e-a1435b8beb11}</UniqueIdentifier>
    </Filter>
    <Filter Include="Header Files\Node Headers\Client Headers">
      <UniqueIdentifier>{6cfc5da7-92cf-4a08-a169-975fb796ba3d}</UniqueIdentifier>
    </Filter>
    <Filter Include="Header Files\Node Headers\BlockChain Headers">
      <UniqueIdentifier>{cd6974c0-f14a-4039-9a60-b25933b41f7c}</UniqueIdentifier>
    </Filter>
    <Filter Include="Source Files\Node Sources">
      <UniqueIdentifier>{ed5f08b2-bc2e-425d-ac28-1d5d4f804765}</UniqueIdentifier>
    </Filter>
    <Filter Include="Source Files\Node Sources\Client Sources">
      <UniqueIdentifier>{a258245d-8dc4-48b1-981f-6e18a46a2afe}</UniqueIdentifier>
    </Filter>
    <Filter Include="Source Files\Node Sources\BlockChain Sources">
      <UniqueIdentifier>{1d4ba3da-8b7e-46d9-9bec-ce12e80d960f}</UniqueIdentifier>
    </Filter>
    <Filter Include="Header Files\Node Headers\Client Headers\GET Clients">
      <UniqueIdentifier>{1e45f0c4-2308-4f63-89ab-ca30a6f9bb0f}</UniqueIdentifier>
    </Filter>
    <Filter Include="Header Files\Node Headers\Client Headers\POST Clients">
      <UniqueIdentifier>{619533ba-cd06-4d2e-b43c-e1ed4f82c830}</UniqueIdentifier>
    </Filter>
    <Filter Include="Header Files\ImGui Headers">
      <UniqueIdentifier>{664992f3-6563-4ca5-ad0e-5abc7641308d}</UniqueIdentifier>
    </Filter>
    <Filter Include="Source Files\ImGui Sources">
      <UniqueIdentifier>{a3c26338-125e-4d2f-9921-412851f49a61}</UniqueIdentifier>
    </Filter>
    <Filter Include="Source Files\Node Sources\Server Sources">
      <UniqueIdentifier>{ef0213cf-cce5-4fde-9086-53d0d2e2276f}</UniqueIdentifier>
    </Filter>
    <Filter Include="Header Files\Node Headers\Server Headers">
      <UniqueIdentifier>{5d5bea2a-4319-434e-b185-85c6a7fa4032}</UniqueIdentifier>
    </Filter>
  </ItemGroup>
  <ItemGroup>
    <None Include="packages.config" />
  </ItemGroup>
  <ItemGroup>
    <ClCompile Include="main.cpp">
      <Filter>Source Files</Filter>
    </ClCompile>
    <ClCompile Include="Simulation\Nodes\Full_Node.cpp">
      <Filter>Source Files\Node Sources</Filter>
    </ClCompile>
    <ClCompile Include="Simulation\Nodes\SVP_Node.cpp">
      <Filter>Source Files\Node Sources</Filter>
    </ClCompile>
    <ClCompile Include="Simulation\Nodes\Node\Client\POSTClient.cpp">
      <Filter>Source Files\Node Sources\Client Sources</Filter>
    </ClCompile>
    <ClCompile Include="Simulation\Nodes\Node\Client\GETClient.cpp">
      <Filter>Source Files\Node Sources\Client Sources</Filter>
    </ClCompile>
    <ClCompile Include="Simulation\Simulation.cpp">
      <Filter>Source Files</Filter>
    </ClCompile>
    <ClCompile Include="Simulation\GUI\imgui\imgui.cpp">
      <Filter>Source Files\ImGui Sources</Filter>
    </ClCompile>
    <ClCompile Include="Simulation\GUI\imgui\imgui_demo.cpp">
      <Filter>Source Files\ImGui Sources</Filter>
    </ClCompile>
    <ClCompile Include="Simulation\GUI\imgui\imgui_draw.cpp">
      <Filter>Source Files\ImGui Sources</Filter>
    </ClCompile>
    <ClCompile Include="Simulation\GUI\imgui\imgui_impl_allegro5.cpp">
      <Filter>Source Files\ImGui Sources</Filter>
    </ClCompile>
    <ClCompile Include="Simulation\GUI\imgui\imgui_stdlib.cpp">
      <Filter>Source Files\ImGui Sources</Filter>
    </ClCompile>
    <ClCompile Include="Simulation\GUI\imgui\imgui_widgets.cpp">
      <Filter>Source Files\ImGui Sources</Filter>
    </ClCompile>
    <ClCompile Include="Simulation\GUI\GUI.cpp">
      <Filter>Source Files</Filter>
    </ClCompile>
    <ClCompile Include="Simulation\Nodes\Node\Server\BlockChain\BlockChain.cpp">
      <Filter>Source Files\Node Sources\BlockChain Sources</Filter>
    </ClCompile>
    <ClCompile Include="Simulation\Nodes\Node\Server\BlockChain\Block\Block.cpp">
      <Filter>Source Files\Node Sources\BlockChain Sources</Filter>
    </ClCompile>
    <ClCompile Include="Simulation\Nodes\Node\Server\SVP_Server.cpp">
      <Filter>Source Files\Node Sources\Server Sources</Filter>
    </ClCompile>
    <ClCompile Include="Simulation\Nodes\Node\Server\Full_Server.cpp">
      <Filter>Source Files\Node Sources\Server Sources</Filter>
    </ClCompile>
    <ClCompile Include="Simulation\Nodes\Node\Server\Server.cpp">
      <Filter>Source Files\Node Sources\Server Sources</Filter>
    </ClCompile>
  </ItemGroup>
  <ItemGroup>
    <ClInclude Include="Simulation\Nodes\Full_Node.h">
      <Filter>Header Files\Node Headers</Filter>
    </ClInclude>
    <ClInclude Include="Simulation\Nodes\Node\Node.h">
      <Filter>Header Files\Node Headers</Filter>
    </ClInclude>
    <ClInclude Include="Simulation\Nodes\SVP_Node.h">
      <Filter>Header Files\Node Headers</Filter>
    </ClInclude>
    <ClInclude Include="Simulation\Nodes\Node\Client\Client.h">
      <Filter>Header Files\Node Headers\Client Headers</Filter>
    </ClInclude>
    <ClInclude Include="Simulation\Nodes\Node\Client\GETHeaderClient.h">
      <Filter>Header Files\Node Headers\Client Headers\GET Clients</Filter>
    </ClInclude>
    <ClInclude Include="Simulation\Nodes\Node\Client\GETBlockClient.h">
      <Filter>Header Files\Node Headers\Client Headers\GET Clients</Filter>
    </ClInclude>
    <ClInclude Include="Simulation\Nodes\Node\Client\GETClient.h">
      <Filter>Header Files\Node Headers\Client Headers\GET Clients</Filter>
    </ClInclude>
    <ClInclude Include="Simulation\Nodes\Node\Client\FilterClient.h">
      <Filter>Header Files\Node Headers\Client Headers\POST Clients</Filter>
    </ClInclude>
    <ClInclude Include="Simulation\Nodes\Node\Client\MerkleClient.h">
      <Filter>Header Files\Node Headers\Client Headers\POST Clients</Filter>
    </ClInclude>
    <ClInclude Include="Simulation\Nodes\Node\Client\POSTClient.h">
      <Filter>Header Files\Node Headers\Client Headers\POST Clients</Filter>
    </ClInclude>
    <ClInclude Include="Simulation\Nodes\Node\Client\TransactionClient.h">
      <Filter>Header Files\Node Headers\Client Headers\POST Clients</Filter>
    </ClInclude>
    <ClInclude Include="Simulation\Nodes\Node\Client\BlockClient.h">
      <Filter>Header Files\Node Headers\Client Headers\POST Clients</Filter>
    </ClInclude>
    <ClInclude Include="Simulation\Nodes\Node\Client\AllClients.h">
      <Filter>Header Files\Node Headers\Client Headers</Filter>
    </ClInclude>
    <ClInclude Include="Simulation\Simulation.h">
      <Filter>Header Files</Filter>
    </ClInclude>
    <ClInclude Include="Simulation\GUI\GUI.h">
      <Filter>Header Files</Filter>
    </ClInclude>
    <ClInclude Include="Simulation\GUI\imgui\imconfig.h">
      <Filter>Header Files\ImGui Headers</Filter>
    </ClInclude>
    <ClInclude Include="Simulation\GUI\imgui\imgui.h">
      <Filter>Header Files\ImGui Headers</Filter>
    </ClInclude>
    <ClInclude Include="Simulation\GUI\imgui\imgui_impl_allegro5.h">
      <Filter>Header Files\ImGui Headers</Filter>
    </ClInclude>
    <ClInclude Include="Simulation\GUI\imgui\imgui_internal.h">
      <Filter>Header Files\ImGui Headers</Filter>
    </ClInclude>
    <ClInclude Include="Simulation\GUI\imgui\imgui_stdlib.h">
      <Filter>Header Files\ImGui Headers</Filter>
    </ClInclude>
    <ClInclude Include="Simulation\GUI\imgui\imstb_rectpack.h">
      <Filter>Header Files\ImGui Headers</Filter>
    </ClInclude>
    <ClInclude Include="Simulation\GUI\imgui\imstb_textedit.h">
      <Filter>Header Files\ImGui Headers</Filter>
    </ClInclude>
    <ClInclude Include="Simulation\GUI\imgui\imstb_truetype.h">
      <Filter>Header Files\ImGui Headers</Filter>
    </ClInclude>
    <ClInclude Include="Simulation\Nodes\Node\Server\BlockChain\BlockChain.h">
      <Filter>Header Files\Node Headers\BlockChain Headers</Filter>
    </ClInclude>
    <ClInclude Include="Simulation\Nodes\Node\Server\BlockChain\Block\Block.h">
      <Filter>Header Files\Node Headers\BlockChain Headers</Filter>
    </ClInclude>
    <ClInclude Include="Simulation\Nodes\Node\Server\SVP_Server.h">
      <Filter>Header Files\Node Headers\Server Headers</Filter>
    </ClInclude>
    <ClInclude Include="Simulation\Nodes\Node\Server\Server.h">
      <Filter>Header Files\Node Headers\Server Headers</Filter>
    </ClInclude>
    <ClInclude Include="Simulation\Nodes\Node\Server\Full_Server.h">
      <Filter>Header Files\Node Headers\Server Headers</Filter>
    </ClInclude>
  </ItemGroup>
</Project>