<?xml version="1.0" encoding="utf-8"?>
<Project ToolsVersion="4.0" xmlns="http://schemas.microsoft.com/developer/msbuild/2003">
  <ItemGroup>
    <Filter Include="Source Files">
      <UniqueIdentifier>{4FC737F1-C7A5-4376-A066-2A32D752A2FF}</UniqueIdentifier>
      <Extensions>cpp;c;cc;cxx;c++;def;odl;idl;hpj;bat;asm;asmx</Extensions>
    </Filter>
    <Filter Include="Header Files">
      <UniqueIdentifier>{93995380-89BD-4b04-88EB-625FBE52EBFB}</UniqueIdentifier>
      <Extensions>h;hh;hpp;hxx;h++;hm;inl;inc;ipp;xsd</Extensions>
    </Filter>
    <Filter Include="Resource Files">
      <UniqueIdentifier>{67DA6AB6-F800-4c08-8B7A-83BB121AAD01}</UniqueIdentifier>
      <Extensions>rc;ico;cur;bmp;dlg;rc2;rct;bin;rgs;gif;jpg;jpeg;jpe;resx;tiff;tif;png;wav;mfcribbon-ms</Extensions>
    </Filter>
    <Filter Include="Header Files\ImGui Headers">
      <UniqueIdentifier>{2c449431-0e8c-4924-bab6-f4fb8c12393e}</UniqueIdentifier>
    </Filter>
    <Filter Include="Source Files\ImGui Sources">
      <UniqueIdentifier>{2aeeda19-4dd9-4652-bbde-59eee4735a37}</UniqueIdentifier>
    </Filter>
    <Filter Include="Header Files\Client Headers">
      <UniqueIdentifier>{2e9ba2d9-9a0e-4c6b-94cd-5fd9914efa0a}</UniqueIdentifier>
    </Filter>
    <Filter Include="Source Files\Client Sources">
      <UniqueIdentifier>{98b9059b-7761-4a95-a843-4cbe7f1fc171}</UniqueIdentifier>
    </Filter>
    <Filter Include="Source Files\Node Sources">
      <UniqueIdentifier>{6a2989d0-ec59-4b43-89c2-b6188954d7af}</UniqueIdentifier>
    </Filter>
    <Filter Include="Header Files\Node Headers">
      <UniqueIdentifier>{eb3f9cc3-7983-4868-9b25-0379efaa0342}</UniqueIdentifier>
    </Filter>
  </ItemGroup>
  <ItemGroup>
    <ClCompile Include="main.cpp">
      <Filter>Source Files</Filter>
    </ClCompile>
    <ClCompile Include="Simulation\Simulation.cpp">
      <Filter>Source Files</Filter>
    </ClCompile>
    <ClCompile Include="Simulation\GUI\GUI.cpp">
      <Filter>Source Files</Filter>
    </ClCompile>
    <ClCompile Include="Simulation\GUI\Filesystem\Filesystem.cpp">
      <Filter>Source Files</Filter>
    </ClCompile>
    <ClCompile Include="Simulation\GUI\imgui\imgui.cpp">
      <Filter>Source Files\ImGui Sources</Filter>
    </ClCompile>
    <ClCompile Include="Simulation\GUI\imgui\imgui_demo.cpp">
      <Filter>Source Files\ImGui Sources</Filter>
    </ClCompile>
    <ClCompile Include="Simulation\GUI\imgui\imgui_draw.cpp">
      <Filter>Source Files\ImGui Sources</Filter>
    </ClCompile>
    <ClCompile Include="Simulation\GUI\imgui\imgui_impl_allegro5.cpp">
      <Filter>Source Files\ImGui Sources</Filter>
    </ClCompile>
    <ClCompile Include="Simulation\GUI\imgui\imgui_stdlib.cpp">
      <Filter>Source Files\ImGui Sources</Filter>
    </ClCompile>
    <ClCompile Include="Simulation\GUI\imgui\imgui_widgets.cpp">
      <Filter>Source Files\ImGui Sources</Filter>
    </ClCompile>
    <ClCompile Include="Simulation\Nodes\Node\Server\Server.cpp">
      <Filter>Source Files</Filter>
    </ClCompile>
    <ClCompile Include="Simulation\Nodes\Node\Client\Errors.cpp">
      <Filter>Source Files\Client Sources</Filter>
    </ClCompile>
    <ClCompile Include="Simulation\Nodes\Node\Client\DataInput.cpp">
      <Filter>Source Files\Client Sources</Filter>
    </ClCompile>
    <ClCompile Include="Simulation\Nodes\Node\Client\Client.cpp">
      <Filter>Source Files\Client Sources</Filter>
    </ClCompile>
    <ClCompile Include="Simulation\Nodes\BlockChain\BlockChain.cpp">
      <Filter>Source Files</Filter>
    </ClCompile>
    <ClCompile Include="Simulation\Nodes\BlockChain\Block\Block.cpp">
      <Filter>Source Files</Filter>
    </ClCompile>
    <ClCompile Include="Simulation\Nodes\Full_Node.cpp">
      <Filter>Source Files\Node Sources</Filter>
    </ClCompile>
    <ClCompile Include="Simulation\Nodes\SVP_Node.cpp">
      <Filter>Source Files\Node Sources</Filter>
    </ClCompile>
  </ItemGroup>
  <ItemGroup>
    <ClInclude Include="Simulation\Simulation.h">
      <Filter>Header Files</Filter>
    </ClInclude>
    <ClInclude Include="Simulation\GUI\GUI.h">
      <Filter>Header Files</Filter>
    </ClInclude>
    <ClInclude Include="Simulation\GUI\Filesystem\Filesystem.h">
      <Filter>Header Files</Filter>
    </ClInclude>
    <ClInclude Include="Simulation\GUI\imgui\imstb_truetype.h">
      <Filter>Header Files\ImGui Headers</Filter>
    </ClInclude>
    <ClInclude Include="Simulation\GUI\imgui\imstb_textedit.h">
      <Filter>Header Files\ImGui Headers</Filter>
    </ClInclude>
    <ClInclude Include="Simulation\GUI\imgui\imstb_rectpack.h">
      <Filter>Header Files\ImGui Headers</Filter>
    </ClInclude>
    <ClInclude Include="Simulation\GUI\imgui\imgui_stdlib.h">
      <Filter>Header Files\ImGui Headers</Filter>
    </ClInclude>
    <ClInclude Include="Simulation\GUI\imgui\imgui_internal.h">
      <Filter>Header Files\ImGui Headers</Filter>
    </ClInclude>
    <ClInclude Include="Simulation\GUI\imgui\imgui_impl_allegro5.h">
      <Filter>Header Files\ImGui Headers</Filter>
    </ClInclude>
    <ClInclude Include="Simulation\GUI\imgui\imgui.h">
      <Filter>Header Files\ImGui Headers</Filter>
    </ClInclude>
    <ClInclude Include="Simulation\GUI\imgui\imconfig.h">
      <Filter>Header Files\ImGui Headers</Filter>
    </ClInclude>
    <ClInclude Include="Simulation\Nodes\Node\Server\Server.h">
      <Filter>Header Files</Filter>
    </ClInclude>
    <ClInclude Include="Simulation\Nodes\Node\Client\Client.h">
      <Filter>Header Files\Client Headers</Filter>
    </ClInclude>
    <ClInclude Include="Simulation\Nodes\Node\Client\DataInput.h">
      <Filter>Header Files\Client Headers</Filter>
    </ClInclude>
    <ClInclude Include="Simulation\Nodes\Node\Client\Errors.h">
      <Filter>Header Files\Client Headers</Filter>
    </ClInclude>
    <ClInclude Include="Simulation\Nodes\BlockChain\BlockChain.h">
      <Filter>Header Files</Filter>
    </ClInclude>
    <ClInclude Include="Simulation\Nodes\BlockChain\Block\Block.h">
      <Filter>Header Files</Filter>
    </ClInclude>
    <ClInclude Include="Simulation\Nodes\Full_Node.h">
      <Filter>Header Files\Node Headers</Filter>
    </ClInclude>
    <ClInclude Include="Simulation\Nodes\SVP_Node.h">
      <Filter>Header Files\Node Headers</Filter>
    </ClInclude>
    <ClInclude Include="Simulation\Nodes\Node\Node.h">
      <Filter>Header Files\Node Headers</Filter>
    </ClInclude>
  </ItemGroup>
  <ItemGroup>
    <None Include="packages.config" />
  </ItemGroup>
</Project>